
Microsoft Visual Studio Solution File, Format Version 12.00
# Visual Studio Version 17
VisualStudioVersion = 17.8.34004.107
MinimumVisualStudioVersion = 10.0.40219.1
Project("{FAE04EC0-301F-11D3-BF4B-00C04F79EFBC}") = "KeyedServicesIssue", "KeyedServicesIssue\KeyedServicesIssue.csproj", "{279D6D7B-02BC-4421-94EC-F025AE0527D6}"
EndProject
Global
	GlobalSection(SolutionConfigurationPlatforms) = preSolution
		Debug|Any CPU = Debug|Any CPU
		Release|Any CPU = Release|Any CPU
	EndGlobalSection
	GlobalSection(ProjectConfigurationPlatforms) = postSolution
		{279D6D7B-02BC-4421-94EC-F025AE0527D6}.Debug|Any CPU.ActiveCfg = Debug|Any CPU
		{279D6D7B-02BC-4421-94EC-F025AE0527D6}.Debug|Any CPU.Build.0 = Debug|Any CPU
		{279D6D7B-02BC-4421-94EC-F025AE0527D6}.Release|Any CPU.ActiveCfg = Release|Any CPU
		{279D6D7B-02BC-4421-94EC-F025AE0527D6}.Release|Any CPU.Build.0 = Release|Any CPU
	EndGlobalSection
	GlobalSection(SolutionProperties) = preSolution
		HideSolutionNode = FALSE
	EndGlobalSection
	GlobalSection(ExtensibilityGlobals) = postSolution
		SolutionGuid = {6A96AFEC-D852-46DC-81BB-AE84DBAE1D3F}
	EndGlobalSection
EndGlobal
